
Microsoft Visual Studio Solution File, Format Version 12.00
# Visual Studio Version 17
VisualStudioVersion = 17.14.36603.0
MinimumVisualStudioVersion = 10.0.40219.1
Project("{FAE04EC0-301F-11D3-BF4B-00C04F79EFBC}") = "StokTakipAdonet", "StokTakipAdonet\StokTakipAdonet.csproj", "{D9B68EAC-0E22-4969-91AD-A2FF45DA5000}"
EndProject
Project("{FAE04EC0-301F-11D3-BF4B-00C04F79EFBC}") = "StokTakipEntityFrameWork", "StokTakipEntityFrameWork\StokTakipEntityFrameWork.csproj", "{3239E510-C782-41E9-8AE0-E568A5A6CAEE}"
EndProject
Global
	GlobalSection(SolutionConfigurationPlatforms) = preSolution
		Debug|Any CPU = Debug|Any CPU
		Release|Any CPU = Release|Any CPU
	EndGlobalSection
	GlobalSection(ProjectConfigurationPlatforms) = postSolution
		{D9B68EAC-0E22-4969-91AD-A2FF45DA5000}.Debug|Any CPU.ActiveCfg = Debug|Any CPU
		{D9B68EAC-0E22-4969-91AD-A2FF45DA5000}.Debug|Any CPU.Build.0 = Debug|Any CPU
		{D9B68EAC-0E22-4969-91AD-A2FF45DA5000}.Release|Any CPU.ActiveCfg = Release|Any CPU
		{D9B68EAC-0E22-4969-91AD-A2FF45DA5000}.Release|Any CPU.Build.0 = Release|Any CPU
		{3239E510-C782-41E9-8AE0-E568A5A6CAEE}.Debug|Any CPU.ActiveCfg = Debug|Any CPU
		{3239E510-C782-41E9-8AE0-E568A5A6CAEE}.Debug|Any CPU.Build.0 = Debug|Any CPU
		{3239E510-C782-41E9-8AE0-E568A5A6CAEE}.Release|Any CPU.ActiveCfg = Release|Any CPU
		{3239E510-C782-41E9-8AE0-E568A5A6CAEE}.Release|Any CPU.Build.0 = Release|Any CPU
	EndGlobalSection
	GlobalSection(SolutionProperties) = preSolution
		HideSolutionNode = FALSE
	EndGlobalSection
	GlobalSection(ExtensibilityGlobals) = postSolution
		SolutionGuid = {8C790C05-572C-4838-9F3D-7F296EC94016}
	EndGlobalSection
EndGlobal
